
Microsoft Visual Studio Solution File, Format Version 12.00
# Visual Studio Version 16
VisualStudioVersion = 16.0.29709.97
MinimumVisualStudioVersion = 10.0.40219.1
Project("{FAE04EC0-301F-11D3-BF4B-00C04F79EFBC}") = "WindowsDashboardApp", "WindowsDashboardApp.csproj", "{F4BB86B5-EED9-41D6-8401-267CC5D85F82}"
EndProject
Global
	GlobalSection(SolutionConfigurationPlatforms) = preSolution
		Debug|Any CPU = Debug|Any CPU
		Debug|x64 = Debug|x64
		Release|Any CPU = Release|Any CPU
		Release|x64 = Release|x64
	EndGlobalSection
	GlobalSection(ProjectConfigurationPlatforms) = postSolution
		{F4BB86B5-EED9-41D6-8401-267CC5D85F82}.Debug|Any CPU.ActiveCfg = Debug|Any CPU
		{F4BB86B5-EED9-41D6-8401-267CC5D85F82}.Debug|Any CPU.Build.0 = Debug|Any CPU
		{F4BB86B5-EED9-41D6-8401-267CC5D85F82}.Debug|x64.ActiveCfg = Debug|x64
		{F4BB86B5-EED9-41D6-8401-267CC5D85F82}.Debug|x64.Build.0 = Debug|x64
		{F4BB86B5-EED9-41D6-8401-267CC5D85F82}.Release|Any CPU.ActiveCfg = Release|Any CPU
		{F4BB86B5-EED9-41D6-8401-267CC5D85F82}.Release|Any CPU.Build.0 = Release|Any CPU
		{F4BB86B5-EED9-41D6-8401-267CC5D85F82}.Release|x64.ActiveCfg = Release|x64
		{F4BB86B5-EED9-41D6-8401-267CC5D85F82}.Release|x64.Build.0 = Release|x64
	EndGlobalSection
	GlobalSection(SolutionProperties) = preSolution
		HideSolutionNode = FALSE
	EndGlobalSection
	GlobalSection(ExtensibilityGlobals) = postSolution
		SolutionGuid = {3ACF4796-B6BA-4BE1-B63A-7D66C9A7BA2F}
	EndGlobalSection
EndGlobal
